// !$*UTF8*$!
{
	archiveVersion = 1;
	classes = {
	};
	objectVersion = 46;
	objects = {

/* Begin PBXBuildFile section */
		F2AA918D1D2CD6D600E57253 /* AppDelegate.swift in Sources */ = {isa = PBXBuildFile; fileRef = F2AA918C1D2CD6D600E57253 /* AppDelegate.swift */; };
		F2AA918F1D2CD6D600E57253 /* ViewController.swift in Sources */ = {isa = PBXBuildFile; fileRef = F2AA918E1D2CD6D600E57253 /* ViewController.swift */; };
		F2AA91921D2CD6D600E57253 /* Main.storyboard in Resources */ = {isa = PBXBuildFile; fileRef = F2AA91901D2CD6D600E57253 /* Main.storyboard */; };
		F2AA91941D2CD6D600E57253 /* Assets.xcassets in Resources */ = {isa = PBXBuildFile; fileRef = F2AA91931D2CD6D600E57253 /* Assets.xcassets */; };
		F2AA91971D2CD6D600E57253 /* LaunchScreen.storyboard in Resources */ = {isa = PBXBuildFile; fileRef = F2AA91951D2CD6D600E57253 /* LaunchScreen.storyboard */; };
		F2AA91A21D2CD97F00E57253 /* DRPageControl.swift in Sources */ = {isa = PBXBuildFile; fileRef = F2AA91A11D2CD97F00E57253 /* DRPageControl.swift */; };
/* End PBXBuildFile section */

/* Begin PBXFileReference section */
		F2AA91891D2CD6D600E57253 /* DRPageControl_Swift.app */ = {isa = PBXFileReference; explicitFileType = wrapper.application; includeInIndex = 0; path = DRPageControl_Swift.app; sourceTree = BUILT_PRODUCTS_DIR; };
		F2AA918C1D2CD6D600E57253 /* AppDelegate.swift */ = {isa = PBXFileReference; lastKnownFileType = sourcecode.swift; path = AppDelegate.swift; sourceTree = "<group>"; };
		F2AA918E1D2CD6D600E57253 /* ViewController.swift */ = {isa = PBXFileReference; lastKnownFileType = sourcecode.swift; path = ViewController.swift; sourceTree = "<group>"; };
		F2AA91911D2CD6D600E57253 /* Base */ = {isa = PBXFileReference; lastKnownFileType = file.storyboard; name = Base; path = Base.lproj/Main.storyboard; sourceTree = "<group>"; };
		F2AA91931D2CD6D600E57253 /* Assets.xcassets */ = {isa = PBXFileReference; lastKnownFileType = folder.assetcatalog; path = Assets.xcassets; sourceTree = "<group>"; };
		F2AA91961D2CD6D600E57253 /* Base */ = {isa = PBXFileReference; lastKnownFileType = file.storyboard; name = Base; path = Base.lproj/LaunchScreen.storyboard; sourceTree = "<group>"; };
		F2AA91981D2CD6D600E57253 /* Info.plist */ = {isa = PBXFileReference; lastKnownFileType = text.plist.xml; path = Info.plist; sourceTree = "<group>"; };
		F2AA91A11D2CD97F00E57253 /* DRPageControl.swift */ = {isa = PBXFileReference; fileEncoding = 4; lastKnownFileType = sourcecode.swift; path = DRPageControl.swift; sourceTree = "<group>"; };
/* End PBXFileReference section */

/* Begin PBXFrameworksBuildPhase section */
		F2AA91861D2CD6D600E57253 /* Frameworks */ = {
			isa = PBXFrameworksBuildPhase;
			buildActionMask = 2147483647;
			files = (
			);
			runOnlyForDeploymentPostprocessing = 0;
		};
/* End PBXFrameworksBuildPhase section */

/* Begin PBXGroup section */
		F2AA91801D2CD6D600E57253 = {
			isa = PBXGroup;
			children = (
				F2AA918B1D2CD6D600E57253 /* DRPageControl_Swift */,
				F2AA918A1D2CD6D600E57253 /* Products */,
			);
			sourceTree = "<group>";
		};
		F2AA918A1D2CD6D600E57253 /* Products */ = {
			isa = PBXGroup;
			children = (
				F2AA91891D2CD6D600E57253 /* DRPageControl_Swift.app */,
			);
			name = Products;
			sourceTree = "<group>";
		};
		F2AA918B1D2CD6D600E57253 /* DRPageControl_Swift */ = {
			isa = PBXGroup;
			children = (
				F2AA918C1D2CD6D600E57253 /* AppDelegate.swift */,
				F2AA918E1D2CD6D600E57253 /* ViewController.swift */,
				F2AA919E1D2CD92800E57253 /* DRPageControl */,
				F2AA91901D2CD6D600E57253 /* Main.storyboard */,
				F2AA91931D2CD6D600E57253 /* Assets.xcassets */,
				F2AA91951D2CD6D600E57253 /* LaunchScreen.storyboard */,
				F2AA91981D2CD6D600E57253 /* Info.plist */,
			);
			path = DRPageControl_Swift;
			sourceTree = "<group>";
		};
		F2AA919E1D2CD92800E57253 /* DRPageControl */ = {
			isa = PBXGroup;
			children = (
				F2AA91A11D2CD97F00E57253 /* DRPageControl.swift */,
			);
			path = DRPageControl;
			sourceTree = "<group>";
		};
/* End PBXGroup section */

/* Begin PBXNativeTarget section */
		F2AA91881D2CD6D600E57253 /* DRPageControl_Swift */ = {
			isa = PBXNativeTarget;
			buildConfigurationList = F2AA919B1D2CD6D600E57253 /* Build configuration list for PBXNativeTarget "DRPageControl_Swift" */;
			buildPhases = (
				F2AA91851D2CD6D600E57253 /* Sources */,
				F2AA91861D2CD6D600E57253 /* Frameworks */,
				F2AA91871D2CD6D600E57253 /* Resources */,
			);
			buildRules = (
			);
			dependencies = (
			);
			name = DRPageControl_Swift;
			productName = DRPageControl_Swift;
			productReference = F2AA91891D2CD6D600E57253 /* DRPageControl_Swift.app */;
			productType = "com.apple.product-type.application";
		};
/* End PBXNativeTarget section */

/* Begin PBXProject section */
		F2AA91811D2CD6D600E57253 /* Project object */ = {
			isa = PBXProject;
			attributes = {
				LastSwiftUpdateCheck = 0730;
				LastUpgradeCheck = 0730;
				ORGANIZATIONNAME = xqzh;
				TargetAttributes = {
					F2AA91881D2CD6D600E57253 = {
						CreatedOnToolsVersion = 7.3.1;
					};
				};
			};
			buildConfigurationList = F2AA91841D2CD6D600E57253 /* Build configuration list for PBXProject "DRPageControl_Swift" */;
			compatibilityVersion = "Xcode 3.2";
			developmentRegion = English;
			hasScannedForEncodings = 0;
			knownRegions = (
				en,
				Base,
			);
			mainGroup = F2AA91801D2CD6D600E57253;
			productRefGroup = F2AA918A1D2CD6D600E57253 /* Products */;
			projectDirPath = "";
			projectRoot = "";
			targets = (
				F2AA91881D2CD6D600E57253 /* DRPageControl_Swift */,
			);
		};
/* End PBXProject section */

/* Begin PBXResourcesBuildPhase section */
		F2AA91871D2CD6D600E57253 /* Resources */ = {
			isa = PBXResourcesBuildPhase;
			buildActionMask = 2147483647;
			files = (
				F2AA91971D2CD6D600E57253 /* LaunchScreen.storyboard in Resources */,
				F2AA91941D2CD6D600E57253 /* Assets.xcassets in Resources */,
				F2AA91921D2CD6D600E57253 /* Main.storyboard in Resources */,
			);
			runOnlyForDeploymentPostprocessing = 0;
		};
/* End PBXResourcesBuildPhase section */

/* Begin PBXSourcesBuildPhase section */
		F2AA91851D2CD6D600E57253 /* Sources */ = {
			isa = PBXSourcesBuildPhase;
			buildActionMask = 2147483647;
			files = (
				F2AA91A21D2CD97F00E57253 /* DRPageControl.swift in Sources */,
				F2AA918F1D2CD6D600E57253 /* ViewController.swift in Sources */,
				F2AA918D1D2CD6D600E57253 /* AppDelegate.swift in Sources */,
			);
			runOnlyForDeploymentPostprocessing = 0;
		};
/* End PBXSourcesBuildPhase section */

/* Begin PBXVariantGroup section */
		F2AA91901D2CD6D600E57253 /* Main.storyboard */ = {
			isa = PBXVariantGroup;
			children = (
				F2AA91911D2CD6D600E57253 /* Base */,
			);
			name = Main.storyboard;
			sourceTree = "<group>";
		};
		F2AA91951D2CD6D600E57253 /* LaunchScreen.storyboard */ = {
			isa = PBXVariantGroup;
			children = (
				F2AA91961D2CD6D600E57253 /* Base */,
			);
			name = LaunchScreen.storyboard;
			sourceTree = "<group>";
		};
/* End PBXVariantGroup section */

/* Begin XCBuildConfiguration section */
		F2AA91991D2CD6D600E57253 /* Debug */ = {
			isa = XCBuildConfiguration;
			buildSettings = {
				ALWAYS_SEARCH_USER_PATHS = NO;
				CLANG_ANALYZER_NONNULL = YES;
				CLANG_CXX_LANGUAGE_STANDARD = "gnu++0x";
				CLANG_CXX_LIBRARY = "libc++";
				CLANG_ENABLE_MODULES = YES;
				CLANG_ENABLE_OBJC_ARC = YES;
				CLANG_WARN_BOOL_CONVERSION = YES;
				CLANG_WARN_CONSTANT_CONVERSION = YES;
				CLANG_WARN_DIRECT_OBJC_ISA_USAGE = YES_ERROR;
				CLANG_WARN_EMPTY_BODY = YES;
				CLANG_WARN_ENUM_CONVERSION = YES;
				CLANG_WARN_INT_CONVERSION = YES;
				CLANG_WARN_OBJC_ROOT_CLASS = YES_ERROR;
				CLANG_WARN_UNREACHABLE_CODE = YES;
				CLANG_WARN__DUPLICATE_METHOD_MATCH = YES;
				"CODE_SIGN_IDENTITY[sdk=iphoneos*]" = "iPhone Developer";
				COPY_PHASE_STRIP = NO;
				DEBUG_INFORMATION_FORMAT = dwarf;
				ENABLE_STRICT_OBJC_MSGSEND = YES;
				ENABLE_TESTABILITY = YES;
				GCC_C_LANGUAGE_STANDARD = gnu99;
				GCC_DYNAMIC_NO_PIC = NO;
				GCC_NO_COMMON_BLOCKS = YES;
				GCC_OPTIMIZATION_LEVEL = 0;
				GCC_PREPROCESSOR_DEFINITIONS = (
					"DEBUG=1",
					"$(inherited)",
				);
				GCC_WARN_64_TO_32_BIT_CONVERSION = YES;
				GCC_WARN_ABOUT_RETURN_TYPE = YES_ERROR;
				GCC_WARN_UNDECLARED_SELECTOR = YES;
				GCC_WARN_UNINITIALIZED_AUTOS = YES_AGGRESSIVE;
				GCC_WARN_UNUSED_FUNCTION = YES;
				GCC_WARN_UNUSED_VARIABLE = YES;
				IPHONEOS_DEPLOYMENT_TARGET = 9.3;
				MTL_ENABLE_DEBUG_INFO = YES;
				ONLY_ACTIVE_ARCH = YES;
				SDKROOT = iphoneos;
				SWIFT_OPTIMIZATION_LEVEL = "-Onone";
				TARGETED_DEVICE_FAMILY = "1,2";
			};
			name = Debug;
		};
		F2AA919A1D2CD6D600E57253 /* Release */ = {
			isa = XCBuildConfiguration;
			buildSettings = {
				ALWAYS_SEARCH_USER_PATHS = NO;
				CLANG_ANALYZER_NONNULL = YES;
				CLANG_CXX_LANGUAGE_STANDARD = "gnu++0x";
				CLANG_CXX_LIBRARY = "libc++";
				CLANG_ENABLE_MODULES = YES;
				CLANG_ENABLE_OBJC_ARC = YES;
				CLANG_WARN_BOOL_CONVERSION = YES;
				CLANG_WARN_CONSTANT_CONVERSION = YES;
				CLANG_WARN_DIRECT_OBJC_ISA_USAGE = YES_ERROR;
				CLANG_WARN_EMPTY_BODY = YES;
				CLANG_WARN_ENUM_CONVERSION = YES;
				CLANG_WARN_INT_CONVERSION = YES;
				CLANG_WARN_OBJC_ROOT_CLASS = YES_ERROR;
				CLANG_WARN_UNREACHABLE_CODE = YES;
				CLANG_WARN__DUPLICATE_METHOD_MATCH = YES;
				"CODE_SIGN_IDENTITY[sdk=iphoneos*]" = "iPhone Developer";
				COPY_PHASE_STRIP = NO;
				DEBUG_INFORMATION_FORMAT = "dwarf-with-dsym";
				ENABLE_NS_ASSERTIONS = NO;
				ENABLE_STRICT_OBJC_MSGSEND = YES;
				GCC_C_LANGUAGE_STANDARD = gnu99;
				GCC_NO_COMMON_BLOCKS = YES;
				GCC_WARN_64_TO_32_BIT_CONVERSION = YES;
				GCC_WARN_ABOUT_RETURN_TYPE = YES_ERROR;
				GCC_WARN_UNDECLARED_SELECTOR = YES;
				GCC_WARN_UNINITIALIZED_AUTOS = YES_AGGRESSIVE;
				GCC_WARN_UNUSED_FUNCTION = YES;
				GCC_WARN_UNUSED_VARIABLE = YES;
				IPHONEOS_DEPLOYMENT_TARGET = 9.3;
				MTL_ENABLE_DEBUG_INFO = NO;
				SDKROOT = iphoneos;
				TARGETED_DEVICE_FAMILY = "1,2";
				VALIDATE_PRODUCT = YES;
			};
			name = Release;
		};
		F2AA919C1D2CD6D600E57253 /* Debug */ = {
			isa = XCBuildConfiguration;
			buildSettings = {
				ASSETCATALOG_COMPILER_APPICON_NAME = AppIcon;
				INFOPLIST_FILE = DRPageControl_Swift/Info.plist;
				LD_RUNPATH_SEARCH_PATHS = "$(inherited) @executable_path/Frameworks";
				PRODUCT_BUNDLE_IDENTIFIER = com.ideabinder.DRImgScrollerView1;
				PRODUCT_NAME = "$(TARGET_NAME)";
			};
			name = Debug;
		};
		F2AA919D1D2CD6D600E57253 /* Release */ = {
			isa = XCBuildConfiguration;
			buildSettings = {
				ASSETCATALOG_COMPILER_APPICON_NAME = AppIcon;
				INFOPLIST_FILE = DRPageControl_Swift/Info.plist;
				LD_RUNPATH_SEARCH_PATHS = "$(inherited) @executable_path/Frameworks";
				PRODUCT_BUNDLE_IDENTIFIER = com.ideabinder.DRImgScrollerView1;
				PRODUCT_NAME = "$(TARGET_NAME)";
			};
			name = Release;
		};
/* End XCBuildConfiguration section */

/* Begin XCConfigurationList section */
		F2AA91841D2CD6D600E57253 /* Build configuration list for PBXProject "DRPageControl_Swift" */ = {
			isa = XCConfigurationList;
			buildConfigurations = (
				F2AA91991D2CD6D600E57253 /* Debug */,
				F2AA919A1D2CD6D600E57253 /* Release */,
			);
			defaultConfigurationIsVisible = 0;
			defaultConfigurationName = Release;
		};
		F2AA919B1D2CD6D600E57253 /* Build configuration list for PBXNativeTarget "DRPageControl_Swift" */ = {
			isa = XCConfigurationList;
			buildConfigurations = (
				F2AA919C1D2CD6D600E57253 /* Debug */,
				F2AA919D1D2CD6D600E57253 /* Release */,
			);
			defaultConfigurationIsVisible = 0;
			defaultConfigurationName = Release;
		};
/* End XCConfigurationList section */
	};
	rootObject = F2AA91811D2CD6D600E57253 /* Project object */;
}
